
Microsoft Visual Studio Solution File, Format Version 12.00
# Visual Studio 15
VisualStudioVersion = 15.0.28307.1062
MinimumVisualStudioVersion = 10.0.40219.1
Project("{FAE04EC0-301F-11D3-BF4B-00C04F79EFBC}") = "TicTacToe.Server", "TicTacToe.Server\TicTacToe.Server.csproj", "{DF6C70E4-ADE0-4CDB-9A25-979782650A08}"
EndProject
Global
	GlobalSection(SolutionConfigurationPlatforms) = preSolution
		Debug|Any CPU = Debug|Any CPU
		Release|Any CPU = Release|Any CPU
	EndGlobalSection
	GlobalSection(ProjectConfigurationPlatforms) = postSolution
		{DF6C70E4-ADE0-4CDB-9A25-979782650A08}.Debug|Any CPU.ActiveCfg = Debug|Any CPU
		{DF6C70E4-ADE0-4CDB-9A25-979782650A08}.Debug|Any CPU.Build.0 = Debug|Any CPU
		{DF6C70E4-ADE0-4CDB-9A25-979782650A08}.Release|Any CPU.ActiveCfg = Release|Any CPU
		{DF6C70E4-ADE0-4CDB-9A25-979782650A08}.Release|Any CPU.Build.0 = Release|Any CPU
	EndGlobalSection
	GlobalSection(SolutionProperties) = preSolution
		HideSolutionNode = FALSE
	EndGlobalSection
	GlobalSection(ExtensibilityGlobals) = postSolution
		SolutionGuid = {E77C5151-F1BD-4E7A-9006-7877B925CC81}
	EndGlobalSection
EndGlobal
